
Microsoft Visual Studio Solution File, Format Version 12.00
# Visual Studio Version 17
VisualStudioVersion = 17.0.31903.59
MinimumVisualStudioVersion = 10.0.40219.1
Project("{2150E333-8FDC-42A3-9474-1A3956D46DE8}") = "src", "src", "{827E0CD3-B72D-47B6-A68D-7590B98EB39B}"
EndProject
Project("{FAE04EC0-301F-11D3-BF4B-00C04F79EFBC}") = "Dizido.Api", "src\Dizido.Api\Dizido.Api.csproj", "{9C0EA123-0B57-4BEC-8294-9CBB026175CA}"
EndProject
Project("{FAE04EC0-301F-11D3-BF4B-00C04F79EFBC}") = "Dizido.Client", "src\Dizido.Client\Dizido.Client.csproj", "{0DC3A32B-FA15-40A0-B0E8-67539DDBEF62}"
EndProject
Project("{FAE04EC0-301F-11D3-BF4B-00C04F79EFBC}") = "Dizido.Contracts", "src\Dizido.Contracts\Dizido.Contracts.csproj", "{C785BBEA-C1C0-4B36-9439-B637B55B7817}"
EndProject
Project("{FAE04EC0-301F-11D3-BF4B-00C04F79EFBC}") = "Dizido.Domain", "src\Dizido.Domain\Dizido.Domain.csproj", "{E91E0814-50B2-4283-830D-D0D8E5DEFAC4}"
EndProject
Project("{FAE04EC0-301F-11D3-BF4B-00C04F79EFBC}") = "Dizido.Infrastructure", "src\Dizido.Infrastructure\Dizido.Infrastructure.csproj", "{66387E71-DCD8-4B62-804B-2F8C22FDB78C}"
EndProject
Project("{FAE04EC0-301F-11D3-BF4B-00C04F79EFBC}") = "Dizido.Ui", "src\Dizido.Ui\Dizido.Ui.csproj", "{C61DEEA1-E99A-4A06-B47F-819F3850C7CF}"
EndProject
Project("{FAE04EC0-301F-11D3-BF4B-00C04F79EFBC}") = "Dizido.Web", "src\Dizido.Web\Dizido.Web.csproj", "{525EF67D-B854-4729-9DA8-53983DC08A19}"
EndProject
Project("{FAE04EC0-301F-11D3-BF4B-00C04F79EFBC}") = "Dizido.Api.Tests", "tests\Dizido.Api.Tests\Dizido.Api.Tests.csproj", "{B2C3B017-08F5-44D6-BF47-3BE4320BEADE}"
EndProject
Project("{FAE04EC0-301F-11D3-BF4B-00C04F79EFBC}") = "Dizido.Domain.Tests", "tests\Dizido.Domain.Tests\Dizido.Domain.Tests.csproj", "{7CC7ADCC-1872-47F8-B288-EA7133EF7EDB}"
EndProject
Global
	GlobalSection(SolutionConfigurationPlatforms) = preSolution
		Debug|Any CPU = Debug|Any CPU
		Debug|x64 = Debug|x64
		Debug|x86 = Debug|x86
		Release|Any CPU = Release|Any CPU
		Release|x64 = Release|x64
		Release|x86 = Release|x86
	EndGlobalSection
	GlobalSection(ProjectConfigurationPlatforms) = postSolution
		{9C0EA123-0B57-4BEC-8294-9CBB026175CA}.Debug|Any CPU.ActiveCfg = Debug|Any CPU
		{9C0EA123-0B57-4BEC-8294-9CBB026175CA}.Debug|Any CPU.Build.0 = Debug|Any CPU
		{9C0EA123-0B57-4BEC-8294-9CBB026175CA}.Debug|x64.ActiveCfg = Debug|Any CPU
		{9C0EA123-0B57-4BEC-8294-9CBB026175CA}.Debug|x64.Build.0 = Debug|Any CPU
		{9C0EA123-0B57-4BEC-8294-9CBB026175CA}.Debug|x86.ActiveCfg = Debug|Any CPU
		{9C0EA123-0B57-4BEC-8294-9CBB026175CA}.Debug|x86.Build.0 = Debug|Any CPU
		{9C0EA123-0B57-4BEC-8294-9CBB026175CA}.Release|Any CPU.ActiveCfg = Release|Any CPU
		{9C0EA123-0B57-4BEC-8294-9CBB026175CA}.Release|Any CPU.Build.0 = Release|Any CPU
		{9C0EA123-0B57-4BEC-8294-9CBB026175CA}.Release|x64.ActiveCfg = Release|Any CPU
		{9C0EA123-0B57-4BEC-8294-9CBB026175CA}.Release|x64.Build.0 = Release|Any CPU
		{9C0EA123-0B57-4BEC-8294-9CBB026175CA}.Release|x86.ActiveCfg = Release|Any CPU
		{9C0EA123-0B57-4BEC-8294-9CBB026175CA}.Release|x86.Build.0 = Release|Any CPU
		{0DC3A32B-FA15-40A0-B0E8-67539DDBEF62}.Debug|Any CPU.ActiveCfg = Debug|Any CPU
		{0DC3A32B-FA15-40A0-B0E8-67539DDBEF62}.Debug|Any CPU.Build.0 = Debug|Any CPU
		{0DC3A32B-FA15-40A0-B0E8-67539DDBEF62}.Debug|x64.ActiveCfg = Debug|Any CPU
		{0DC3A32B-FA15-40A0-B0E8-67539DDBEF62}.Debug|x64.Build.0 = Debug|Any CPU
		{0DC3A32B-FA15-40A0-B0E8-67539DDBEF62}.Debug|x86.ActiveCfg = Debug|Any CPU
		{0DC3A32B-FA15-40A0-B0E8-67539DDBEF62}.Debug|x86.Build.0 = Debug|Any CPU
		{0DC3A32B-FA15-40A0-B0E8-67539DDBEF62}.Release|Any CPU.ActiveCfg = Release|Any CPU
		{0DC3A32B-FA15-40A0-B0E8-67539DDBEF62}.Release|Any CPU.Build.0 = Release|Any CPU
		{0DC3A32B-FA15-40A0-B0E8-67539DDBEF62}.Release|x64.ActiveCfg = Release|Any CPU
		{0DC3A32B-FA15-40A0-B0E8-67539DDBEF62}.Release|x64.Build.0 = Release|Any CPU
		{0DC3A32B-FA15-40A0-B0E8-67539DDBEF62}.Release|x86.ActiveCfg = Release|Any CPU
		{0DC3A32B-FA15-40A0-B0E8-67539DDBEF62}.Release|x86.Build.0 = Release|Any CPU
		{C785BBEA-C1C0-4B36-9439-B637B55B7817}.Debug|Any CPU.ActiveCfg = Debug|Any CPU
		{C785BBEA-C1C0-4B36-9439-B637B55B7817}.Debug|Any CPU.Build.0 = Debug|Any CPU
		{C785BBEA-C1C0-4B36-9439-B637B55B7817}.Debug|x64.ActiveCfg = Debug|Any CPU
		{C785BBEA-C1C0-4B36-9439-B637B55B7817}.Debug|x64.Build.0 = Debug|Any CPU
		{C785BBEA-C1C0-4B36-9439-B637B55B7817}.Debug|x86.ActiveCfg = Debug|Any CPU
		{C785BBEA-C1C0-4B36-9439-B637B55B7817}.Debug|x86.Build.0 = Debug|Any CPU
		{C785BBEA-C1C0-4B36-9439-B637B55B7817}.Release|Any CPU.ActiveCfg = Release|Any CPU
		{C785BBEA-C1C0-4B36-9439-B637B55B7817}.Release|Any CPU.Build.0 = Release|Any CPU
		{C785BBEA-C1C0-4B36-9439-B637B55B7817}.Release|x64.ActiveCfg = Release|Any CPU
		{C785BBEA-C1C0-4B36-9439-B637B55B7817}.Release|x64.Build.0 = Release|Any CPU
		{C785BBEA-C1C0-4B36-9439-B637B55B7817}.Release|x86.ActiveCfg = Release|Any CPU
		{C785BBEA-C1C0-4B36-9439-B637B55B7817}.Release|x86.Build.0 = Release|Any CPU
		{E91E0814-50B2-4283-830D-D0D8E5DEFAC4}.Debug|Any CPU.ActiveCfg = Debug|Any CPU
		{E91E0814-50B2-4283-830D-D0D8E5DEFAC4}.Debug|Any CPU.Build.0 = Debug|Any CPU
		{E91E0814-50B2-4283-830D-D0D8E5DEFAC4}.Debug|x64.ActiveCfg = Debug|Any CPU
		{E91E0814-50B2-4283-830D-D0D8E5DEFAC4}.Debug|x64.Build.0 = Debug|Any CPU
		{E91E0814-50B2-4283-830D-D0D8E5DEFAC4}.Debug|x86.ActiveCfg = Debug|Any CPU
		{E91E0814-50B2-4283-830D-D0D8E5DEFAC4}.Debug|x86.Build.0 = Debug|Any CPU
		{E91E0814-50B2-4283-830D-D0D8E5DEFAC4}.Release|Any CPU.ActiveCfg = Release|Any CPU
		{E91E0814-50B2-4283-830D-D0D8E5DEFAC4}.Release|Any CPU.Build.0 = Release|Any CPU
		{E91E0814-50B2-4283-830D-D0D8E5DEFAC4}.Release|x64.ActiveCfg = Release|Any CPU
		{E91E0814-50B2-4283-830D-D0D8E5DEFAC4}.Release|x64.Build.0 = Release|Any CPU
		{E91E0814-50B2-4283-830D-D0D8E5DEFAC4}.Release|x86.ActiveCfg = Release|Any CPU
		{E91E0814-50B2-4283-830D-D0D8E5DEFAC4}.Release|x86.Build.0 = Release|Any CPU
		{66387E71-DCD8-4B62-804B-2F8C22FDB78C}.Debug|Any CPU.ActiveCfg = Debug|Any CPU
		{66387E71-DCD8-4B62-804B-2F8C22FDB78C}.Debug|Any CPU.Build.0 = Debug|Any CPU
		{66387E71-DCD8-4B62-804B-2F8C22FDB78C}.Debug|x64.ActiveCfg = Debug|Any CPU
		{66387E71-DCD8-4B62-804B-2F8C22FDB78C}.Debug|x64.Build.0 = Debug|Any CPU
		{66387E71-DCD8-4B62-804B-2F8C22FDB78C}.Debug|x86.ActiveCfg = Debug|Any CPU
		{66387E71-DCD8-4B62-804B-2F8C22FDB78C}.Debug|x86.Build.0 = Debug|Any CPU
		{66387E71-DCD8-4B62-804B-2F8C22FDB78C}.Release|Any CPU.ActiveCfg = Release|Any CPU
		{66387E71-DCD8-4B62-804B-2F8C22FDB78C}.Release|Any CPU.Build.0 = Release|Any CPU
		{66387E71-DCD8-4B62-804B-2F8C22FDB78C}.Release|x64.ActiveCfg = Release|Any CPU
		{66387E71-DCD8-4B62-804B-2F8C22FDB78C}.Release|x64.Build.0 = Release|Any CPU
		{66387E71-DCD8-4B62-804B-2F8C22FDB78C}.Release|x86.ActiveCfg = Release|Any CPU
		{66387E71-DCD8-4B62-804B-2F8C22FDB78C}.Release|x86.Build.0 = Release|Any CPU
		{C61DEEA1-E99A-4A06-B47F-819F3850C7CF}.Debug|Any CPU.ActiveCfg = Debug|Any CPU
		{C61DEEA1-E99A-4A06-B47F-819F3850C7CF}.Debug|Any CPU.Build.0 = Debug|Any CPU
		{C61DEEA1-E99A-4A06-B47F-819F3850C7CF}.Debug|x64.ActiveCfg = Debug|Any CPU
		{C61DEEA1-E99A-4A06-B47F-819F3850C7CF}.Debug|x64.Build.0 = Debug|Any CPU
		{C61DEEA1-E99A-4A06-B47F-819F3850C7CF}.Debug|x86.ActiveCfg = Debug|Any CPU
		{C61DEEA1-E99A-4A06-B47F-819F3850C7CF}.Debug|x86.Build.0 = Debug|Any CPU
		{C61DEEA1-E99A-4A06-B47F-819F3850C7CF}.Release|Any CPU.ActiveCfg = Release|Any CPU
		{C61DEEA1-E99A-4A06-B47F-819F3850C7CF}.Release|Any CPU.Build.0 = Release|Any CPU
		{C61DEEA1-E99A-4A06-B47F-819F3850C7CF}.Release|x64.ActiveCfg = Release|Any CPU
		{C61DEEA1-E99A-4A06-B47F-819F3850C7CF}.Release|x64.Build.0 = Release|Any CPU
		{C61DEEA1-E99A-4A06-B47F-819F3850C7CF}.Release|x86.ActiveCfg = Release|Any CPU
		{C61DEEA1-E99A-4A06-B47F-819F3850C7CF}.Release|x86.Build.0 = Release|Any CPU
		{525EF67D-B854-4729-9DA8-53983DC08A19}.Debug|Any CPU.ActiveCfg = Debug|Any CPU
		{525EF67D-B854-4729-9DA8-53983DC08A19}.Debug|Any CPU.Build.0 = Debug|Any CPU
		{525EF67D-B854-4729-9DA8-53983DC08A19}.Debug|x64.ActiveCfg = Debug|Any CPU
		{525EF67D-B854-4729-9DA8-53983DC08A19}.Debug|x64.Build.0 = Debug|Any CPU
		{525EF67D-B854-4729-9DA8-53983DC08A19}.Debug|x86.ActiveCfg = Debug|Any CPU
		{525EF67D-B854-4729-9DA8-53983DC08A19}.Debug|x86.Build.0 = Debug|Any CPU
		{525EF67D-B854-4729-9DA8-53983DC08A19}.Release|Any CPU.ActiveCfg = Release|Any CPU
		{525EF67D-B854-4729-9DA8-53983DC08A19}.Release|Any CPU.Build.0 = Release|Any CPU
		{525EF67D-B854-4729-9DA8-53983DC08A19}.Release|x64.ActiveCfg = Release|Any CPU
		{525EF67D-B854-4729-9DA8-53983DC08A19}.Release|x64.Build.0 = Release|Any CPU
		{525EF67D-B854-4729-9DA8-53983DC08A19}.Release|x86.ActiveCfg = Release|Any CPU
		{525EF67D-B854-4729-9DA8-53983DC08A19}.Release|x86.Build.0 = Release|Any CPU
		{B2C3B017-08F5-44D6-BF47-3BE4320BEADE}.Debug|Any CPU.ActiveCfg = Debug|Any CPU
		{B2C3B017-08F5-44D6-BF47-3BE4320BEADE}.Debug|Any CPU.Build.0 = Debug|Any CPU
		{B2C3B017-08F5-44D6-BF47-3BE4320BEADE}.Debug|x64.ActiveCfg = Debug|Any CPU
		{B2C3B017-08F5-44D6-BF47-3BE4320BEADE}.Debug|x64.Build.0 = Debug|Any CPU
		{B2C3B017-08F5-44D6-BF47-3BE4320BEADE}.Debug|x86.ActiveCfg = Debug|Any CPU
		{B2C3B017-08F5-44D6-BF47-3BE4320BEADE}.Debug|x86.Build.0 = Debug|Any CPU
		{B2C3B017-08F5-44D6-BF47-3BE4320BEADE}.Release|Any CPU.ActiveCfg = Release|Any CPU
		{B2C3B017-08F5-44D6-BF47-3BE4320BEADE}.Release|Any CPU.Build.0 = Release|Any CPU
		{B2C3B017-08F5-44D6-BF47-3BE4320BEADE}.Release|x64.ActiveCfg = Release|Any CPU
		{B2C3B017-08F5-44D6-BF47-3BE4320BEADE}.Release|x64.Build.0 = Release|Any CPU
		{B2C3B017-08F5-44D6-BF47-3BE4320BEADE}.Release|x86.ActiveCfg = Release|Any CPU
		{B2C3B017-08F5-44D6-BF47-3BE4320BEADE}.Release|x86.Build.0 = Release|Any CPU
		{7CC7ADCC-1872-47F8-B288-EA7133EF7EDB}.Debug|Any CPU.ActiveCfg = Debug|Any CPU
		{7CC7ADCC-1872-47F8-B288-EA7133EF7EDB}.Debug|Any CPU.Build.0 = Debug|Any CPU
		{7CC7ADCC-1872-47F8-B288-EA7133EF7EDB}.Debug|x64.ActiveCfg = Debug|Any CPU
		{7CC7ADCC-1872-47F8-B288-EA7133EF7EDB}.Debug|x64.Build.0 = Debug|Any CPU
		{7CC7ADCC-1872-47F8-B288-EA7133EF7EDB}.Debug|x86.ActiveCfg = Debug|Any CPU
		{7CC7ADCC-1872-47F8-B288-EA7133EF7EDB}.Debug|x86.Build.0 = Debug|Any CPU
		{7CC7ADCC-1872-47F8-B288-EA7133EF7EDB}.Release|Any CPU.ActiveCfg = Release|Any CPU
		{7CC7ADCC-1872-47F8-B288-EA7133EF7EDB}.Release|Any CPU.Build.0 = Release|Any CPU
		{7CC7ADCC-1872-47F8-B288-EA7133EF7EDB}.Release|x64.ActiveCfg = Release|Any CPU
		{7CC7ADCC-1872-47F8-B288-EA7133EF7EDB}.Release|x64.Build.0 = Release|Any CPU
		{7CC7ADCC-1872-47F8-B288-EA7133EF7EDB}.Release|x86.ActiveCfg = Release|Any CPU
		{7CC7ADCC-1872-47F8-B288-EA7133EF7EDB}.Release|x86.Build.0 = Release|Any CPU
	EndGlobalSection
	GlobalSection(SolutionProperties) = preSolution
		HideSolutionNode = FALSE
	EndGlobalSection
	GlobalSection(NestedProjects) = preSolution
		{9C0EA123-0B57-4BEC-8294-9CBB026175CA} = {827E0CD3-B72D-47B6-A68D-7590B98EB39B}
		{0DC3A32B-FA15-40A0-B0E8-67539DDBEF62} = {827E0CD3-B72D-47B6-A68D-7590B98EB39B}
		{C785BBEA-C1C0-4B36-9439-B637B55B7817} = {827E0CD3-B72D-47B6-A68D-7590B98EB39B}
		{E91E0814-50B2-4283-830D-D0D8E5DEFAC4} = {827E0CD3-B72D-47B6-A68D-7590B98EB39B}
		{66387E71-DCD8-4B62-804B-2F8C22FDB78C} = {827E0CD3-B72D-47B6-A68D-7590B98EB39B}
		{C61DEEA1-E99A-4A06-B47F-819F3850C7CF} = {827E0CD3-B72D-47B6-A68D-7590B98EB39B}
		{525EF67D-B854-4729-9DA8-53983DC08A19} = {827E0CD3-B72D-47B6-A68D-7590B98EB39B}
		{B2C3B017-08F5-44D6-BF47-3BE4320BEADE} = {827E0CD3-B72D-47B6-A68D-7590B98EB39B}
		{7CC7ADCC-1872-47F8-B288-EA7133EF7EDB} = {827E0CD3-B72D-47B6-A68D-7590B98EB39B}
	EndGlobalSection
EndGlobal
